
Microsoft Visual Studio Solution File, Format Version 12.00
# Visual Studio Version 16
VisualStudioVersion = 16.0.30611.23
MinimumVisualStudioVersion = 10.0.40219.1
Project("{FAE04EC0-301F-11D3-BF4B-00C04F79EFBC}") = "GBV Emergency Response", "GBV Emergency Response\GBV Emergency Response.csproj", "{94DFFADE-034E-4C24-A374-F0B1316A5B02}"
EndProject
Global
	GlobalSection(SolutionConfigurationPlatforms) = preSolution
		Debug|Any CPU = Debug|Any CPU
		Release|Any CPU = Release|Any CPU
	EndGlobalSection
	GlobalSection(ProjectConfigurationPlatforms) = postSolution
		{94DFFADE-034E-4C24-A374-F0B1316A5B02}.Debug|Any CPU.ActiveCfg = Debug|Any CPU
		{94DFFADE-034E-4C24-A374-F0B1316A5B02}.Debug|Any CPU.Build.0 = Debug|Any CPU
		{94DFFADE-034E-4C24-A374-F0B1316A5B02}.Debug|Any CPU.Deploy.0 = Debug|Any CPU
		{94DFFADE-034E-4C24-A374-F0B1316A5B02}.Release|Any CPU.ActiveCfg = Release|Any CPU
		{94DFFADE-034E-4C24-A374-F0B1316A5B02}.Release|Any CPU.Build.0 = Release|Any CPU
		{94DFFADE-034E-4C24-A374-F0B1316A5B02}.Release|Any CPU.Deploy.0 = Release|Any CPU
	EndGlobalSection
	GlobalSection(SolutionProperties) = preSolution
		HideSolutionNode = FALSE
	EndGlobalSection
	GlobalSection(ExtensibilityGlobals) = postSolution
		SolutionGuid = {BECE7CE1-15E5-46F1-9434-00B09172F513}
	EndGlobalSection
EndGlobal
